
Microsoft Visual Studio Solution File, Format Version 12.00
# Visual Studio Version 16
VisualStudioVersion = 25.0.1706.1
MinimumVisualStudioVersion = 10.0.40219.1
Project("{FAE04EC0-301F-11D3-BF4B-00C04F79EFBC}") = "AdoNetMVC", "AdoNetMVC\AdoNetMVC.csproj", "{3724985F-8092-4E63-9E5E-1D62059C4EA4}"
EndProject
Global
	GlobalSection(SolutionConfigurationPlatforms) = preSolution
		Debug|Any CPU = Debug|Any CPU
		Release|Any CPU = Release|Any CPU
	EndGlobalSection
	GlobalSection(ProjectConfigurationPlatforms) = postSolution
		{3724985F-8092-4E63-9E5E-1D62059C4EA4}.Debug|Any CPU.ActiveCfg = Debug|Any CPU
		{3724985F-8092-4E63-9E5E-1D62059C4EA4}.Debug|Any CPU.Build.0 = Debug|Any CPU
		{3724985F-8092-4E63-9E5E-1D62059C4EA4}.Release|Any CPU.ActiveCfg = Release|Any CPU
		{3724985F-8092-4E63-9E5E-1D62059C4EA4}.Release|Any CPU.Build.0 = Release|Any CPU
	EndGlobalSection
	GlobalSection(SolutionProperties) = preSolution
		HideSolutionNode = FALSE
	EndGlobalSection
	GlobalSection(ExtensibilityGlobals) = postSolution
		SolutionGuid = {33226997-6195-4B85-B28F-9B2BFB8DF031}
	EndGlobalSection
EndGlobal
